
Microsoft Visual Studio Solution File, Format Version 12.00
# Visual Studio Version 16
VisualStudioVersion = 16.0.810.21
MinimumVisualStudioVersion = 10.0.40219.1
Project("{FAE04EC0-301F-11D3-BF4B-00C04F79EFBC}") = "FileUploadToFirebaseStorage", "FileUploadToFirebaseStorage\FileUploadToFirebaseStorage.csproj", "{F058996A-D6E8-4BA5-9886-D399C8148108}"
EndProject
Global
	GlobalSection(SolutionConfigurationPlatforms) = preSolution
		Debug|Any CPU = Debug|Any CPU
		Release|Any CPU = Release|Any CPU
	EndGlobalSection
	GlobalSection(ProjectConfigurationPlatforms) = postSolution
		{F058996A-D6E8-4BA5-9886-D399C8148108}.Debug|Any CPU.ActiveCfg = Debug|Any CPU
		{F058996A-D6E8-4BA5-9886-D399C8148108}.Debug|Any CPU.Build.0 = Debug|Any CPU
		{F058996A-D6E8-4BA5-9886-D399C8148108}.Release|Any CPU.ActiveCfg = Release|Any CPU
		{F058996A-D6E8-4BA5-9886-D399C8148108}.Release|Any CPU.Build.0 = Release|Any CPU
	EndGlobalSection
	GlobalSection(SolutionProperties) = preSolution
		HideSolutionNode = FALSE
	EndGlobalSection
	GlobalSection(ExtensibilityGlobals) = postSolution
		SolutionGuid = {36779C60-2E3E-45AB-8D6F-59BF5F8F1CC3}
	EndGlobalSection
EndGlobal
